// !$*UTF8*$!
{
	archiveVersion = 1;
	classes = {};
	objectVersion = 56;
	objects = {

/* Begin PBXBuildFile section */
		400000000000000000000001 /* AIShopApp.swift in Sources */ = {isa = PBXBuildFile; fileRef = 300000000000000000000001 /* AIShopApp.swift */; };
		400000000000000000000002 /* AppConfiguration.swift in Sources */ = {isa = PBXBuildFile; fileRef = 300000000000000000000002 /* AppConfiguration.swift */; };
		400000000000000000000003 /* AnalyzeProductAPI.swift in Sources */ = {isa = PBXBuildFile; fileRef = 300000000000000000000003 /* AnalyzeProductAPI.swift */; };
		400000000000000000000004 /* APIError.swift in Sources */ = {isa = PBXBuildFile; fileRef = 300000000000000000000004 /* APIError.swift */; };
		400000000000000000000005 /* APIClient.swift in Sources */ = {isa = PBXBuildFile; fileRef = 300000000000000000000005 /* APIClient.swift */; };
		400000000000000000000006 /* AnalysisPhase.swift in Sources */ = {isa = PBXBuildFile; fileRef = 300000000000000000000006 /* AnalysisPhase.swift */; };
		400000000000000000000007 /* AnalysisViewModel.swift in Sources */ = {isa = PBXBuildFile; fileRef = 300000000000000000000007 /* AnalysisViewModel.swift */; };
		400000000000000000000008 /* CameraAuthorization.swift in Sources */ = {isa = PBXBuildFile; fileRef = 300000000000000000000008 /* CameraAuthorization.swift */; };
		400000000000000000000009 /* CameraError.swift in Sources */ = {isa = PBXBuildFile; fileRef = 300000000000000000000009 /* CameraError.swift */; };
		40000000000000000000000A /* CameraController.swift in Sources */ = {isa = PBXBuildFile; fileRef = 30000000000000000000000A /* CameraController.swift */; };
		40000000000000000000000B /* CameraController+Configuration.swift in Sources */ = {isa = PBXBuildFile; fileRef = 30000000000000000000000B /* CameraController+Configuration.swift */; };
		40000000000000000000000C /* CameraController+Capture.swift in Sources */ = {isa = PBXBuildFile; fileRef = 30000000000000000000000C /* CameraController+Capture.swift */; };
		40000000000000000000000D /* ImageProcessor.swift in Sources */ = {isa = PBXBuildFile; fileRef = 30000000000000000000000D /* ImageProcessor.swift */; };
		40000000000000000000000E /* CameraPreview.swift in Sources */ = {isa = PBXBuildFile; fileRef = 30000000000000000000000E /* CameraPreview.swift */; };
		40000000000000000000000F /* ShopStyle.swift in Sources */ = {isa = PBXBuildFile; fileRef = 30000000000000000000000F /* ShopStyle.swift */; };
		400000000000000000000010 /* CameraScreen.swift in Sources */ = {isa = PBXBuildFile; fileRef = 300000000000000000000010 /* CameraScreen.swift */; };
		400000000000000000000011 /* TopStatusView.swift in Sources */ = {isa = PBXBuildFile; fileRef = 300000000000000000000011 /* TopStatusView.swift */; };
		400000000000000000000012 /* TargetReticle.swift in Sources */ = {isa = PBXBuildFile; fileRef = 300000000000000000000012 /* TargetReticle.swift */; };
		400000000000000000000013 /* CameraUnavailableView.swift in Sources */ = {isa = PBXBuildFile; fileRef = 300000000000000000000013 /* CameraUnavailableView.swift */; };
		400000000000000000000014 /* BottomControls.swift in Sources */ = {isa = PBXBuildFile; fileRef = 300000000000000000000014 /* BottomControls.swift */; };
		400000000000000000000015 /* StubURLProtocol.swift in Sources */ = {isa = PBXBuildFile; fileRef = 300000000000000000000016 /* StubURLProtocol.swift */; };
		400000000000000000000016 /* APIClientTests.swift in Sources */ = {isa = PBXBuildFile; fileRef = 300000000000000000000017 /* APIClientTests.swift */; };
		400000000000000000000017 /* AnalysisViewModelTests.swift in Sources */ = {isa = PBXBuildFile; fileRef = 300000000000000000000018 /* AnalysisViewModelTests.swift */; };
		400000000000000000000018 /* URLRequest+BodyData.swift in Sources */ = {isa = PBXBuildFile; fileRef = 30000000000000000000001B /* URLRequest+BodyData.swift */; };
		400000000000000000000019 /* AppConfigurationTests.swift in Sources */ = {isa = PBXBuildFile; fileRef = 30000000000000000000001C /* AppConfigurationTests.swift */; };
		40000000000000000000001A /* AnalysisViewModelRaceTests.swift in Sources */ = {isa = PBXBuildFile; fileRef = 30000000000000000000001D /* AnalysisViewModelRaceTests.swift */; };
		40000000000000000000001B /* CameraScreen+Lifecycle.swift in Sources */ = {isa = PBXBuildFile; fileRef = 30000000000000000000001E /* CameraScreen+Lifecycle.swift */; };
		40000000000000000000001C /* AnalysisReport.swift in Sources */ = {isa = PBXBuildFile; fileRef = 30000000000000000000001F /* AnalysisReport.swift */; };
		40000000000000000000001D /* AnalysisReportTests.swift in Sources */ = {isa = PBXBuildFile; fileRef = 300000000000000000000020 /* AnalysisReportTests.swift */; };
		40000000000000000000001E /* ScanModeSelectionScreen.swift in Sources */ = {isa = PBXBuildFile; fileRef = 300000000000000000000021 /* ScanModeSelectionScreen.swift */; };
		40000000000000000000001F /* ScanNavigationTests.swift in Sources */ = {isa = PBXBuildFile; fileRef = 300000000000000000000022 /* ScanNavigationTests.swift */; };
		400000000000000000000020 /* AnalysisReportScreen.swift in Sources */ = {isa = PBXBuildFile; fileRef = 300000000000000000000024 /* AnalysisReportScreen.swift */; };
		400000000000000000000021 /* ReportComponents.swift in Sources */ = {isa = PBXBuildFile; fileRef = 300000000000000000000025 /* ReportComponents.swift */; };
		400000000000000000000022 /* TargetProductReportScreen.swift in Sources */ = {isa = PBXBuildFile; fileRef = 300000000000000000000026 /* TargetProductReportScreen.swift */; };
		400000000000000000000023 /* AreaScanReportScreen.swift in Sources */ = {isa = PBXBuildFile; fileRef = 300000000000000000000027 /* AreaScanReportScreen.swift */; };
		400000000000000000000024 /* DebugReportPreview.swift in Sources */ = {isa = PBXBuildFile; fileRef = 300000000000000000000028 /* DebugReportPreview.swift */; };
		400000000000000000000025 /* InspectionSubmissionRequest.swift in Sources */ = {isa = PBXBuildFile; fileRef = 300000000000000000000029 /* InspectionSubmissionRequest.swift */; };
		400000000000000000000026 /* InspectionAPIClient.swift in Sources */ = {isa = PBXBuildFile; fileRef = 30000000000000000000002A /* InspectionAPIClient.swift */; };
		400000000000000000000027 /* InspectionAPIClientTests.swift in Sources */ = {isa = PBXBuildFile; fileRef = 30000000000000000000002B /* InspectionAPIClientTests.swift */; };
/* End PBXBuildFile section */

/* Begin PBXContainerItemProxy section */
		700000000000000000000001 /* PBXContainerItemProxy */ = {
			isa = PBXContainerItemProxy;
			containerPortal = 000000000000000000000001 /* Project object */;
			proxyType = 1;
			remoteGlobalIDString = 200000000000000000000001;
			remoteInfo = AIShop;
		};
/* End PBXContainerItemProxy section */

/* Begin PBXFileReference section */
		300000000000000000000001 /* AIShopApp.swift */ = {isa = PBXFileReference; lastKnownFileType = sourcecode.swift; path = AIShopApp.swift; sourceTree = "<group>"; };
		300000000000000000000002 /* AppConfiguration.swift */ = {isa = PBXFileReference; lastKnownFileType = sourcecode.swift; path = AppConfiguration.swift; sourceTree = "<group>"; };
		300000000000000000000003 /* AnalyzeProductAPI.swift */ = {isa = PBXFileReference; lastKnownFileType = sourcecode.swift; path = AnalyzeProductAPI.swift; sourceTree = "<group>"; };
		300000000000000000000004 /* APIError.swift */ = {isa = PBXFileReference; lastKnownFileType = sourcecode.swift; path = APIError.swift; sourceTree = "<group>"; };
		300000000000000000000005 /* APIClient.swift */ = {isa = PBXFileReference; lastKnownFileType = sourcecode.swift; path = APIClient.swift; sourceTree = "<group>"; };
		300000000000000000000006 /* AnalysisPhase.swift */ = {isa = PBXFileReference; lastKnownFileType = sourcecode.swift; path = AnalysisPhase.swift; sourceTree = "<group>"; };
		300000000000000000000007 /* AnalysisViewModel.swift */ = {isa = PBXFileReference; lastKnownFileType = sourcecode.swift; path = AnalysisViewModel.swift; sourceTree = "<group>"; };
		300000000000000000000008 /* CameraAuthorization.swift */ = {isa = PBXFileReference; lastKnownFileType = sourcecode.swift; path = CameraAuthorization.swift; sourceTree = "<group>"; };
		300000000000000000000009 /* CameraError.swift */ = {isa = PBXFileReference; lastKnownFileType = sourcecode.swift; path = CameraError.swift; sourceTree = "<group>"; };
		30000000000000000000000A /* CameraController.swift */ = {isa = PBXFileReference; lastKnownFileType = sourcecode.swift; path = CameraController.swift; sourceTree = "<group>"; };
		30000000000000000000000B /* CameraController+Configuration.swift */ = {isa = PBXFileReference; lastKnownFileType = sourcecode.swift; path = "CameraController+Configuration.swift"; sourceTree = "<group>"; };
		30000000000000000000000C /* CameraController+Capture.swift */ = {isa = PBXFileReference; lastKnownFileType = sourcecode.swift; path = "CameraController+Capture.swift"; sourceTree = "<group>"; };
		30000000000000000000000D /* ImageProcessor.swift */ = {isa = PBXFileReference; lastKnownFileType = sourcecode.swift; path = ImageProcessor.swift; sourceTree = "<group>"; };
		30000000000000000000000E /* CameraPreview.swift */ = {isa = PBXFileReference; lastKnownFileType = sourcecode.swift; path = CameraPreview.swift; sourceTree = "<group>"; };
		30000000000000000000000F /* ShopStyle.swift */ = {isa = PBXFileReference; lastKnownFileType = sourcecode.swift; path = ShopStyle.swift; sourceTree = "<group>"; };
		300000000000000000000010 /* CameraScreen.swift */ = {isa = PBXFileReference; lastKnownFileType = sourcecode.swift; path = CameraScreen.swift; sourceTree = "<group>"; };
		300000000000000000000011 /* TopStatusView.swift */ = {isa = PBXFileReference; lastKnownFileType = sourcecode.swift; path = TopStatusView.swift; sourceTree = "<group>"; };
		300000000000000000000012 /* TargetReticle.swift */ = {isa = PBXFileReference; lastKnownFileType = sourcecode.swift; path = TargetReticle.swift; sourceTree = "<group>"; };
		300000000000000000000013 /* CameraUnavailableView.swift */ = {isa = PBXFileReference; lastKnownFileType = sourcecode.swift; path = CameraUnavailableView.swift; sourceTree = "<group>"; };
		300000000000000000000014 /* BottomControls.swift */ = {isa = PBXFileReference; lastKnownFileType = sourcecode.swift; path = BottomControls.swift; sourceTree = "<group>"; };
		300000000000000000000015 /* Info.plist */ = {isa = PBXFileReference; lastKnownFileType = text.plist.xml; path = Info.plist; sourceTree = "<group>"; };
		300000000000000000000016 /* StubURLProtocol.swift */ = {isa = PBXFileReference; lastKnownFileType = sourcecode.swift; path = StubURLProtocol.swift; sourceTree = "<group>"; };
		300000000000000000000017 /* APIClientTests.swift */ = {isa = PBXFileReference; lastKnownFileType = sourcecode.swift; path = APIClientTests.swift; sourceTree = "<group>"; };
		300000000000000000000018 /* AnalysisViewModelTests.swift */ = {isa = PBXFileReference; lastKnownFileType = sourcecode.swift; path = AnalysisViewModelTests.swift; sourceTree = "<group>"; };
		300000000000000000000019 /* AIShop.app */ = {isa = PBXFileReference; explicitFileType = wrapper.application; includeInIndex = 0; path = AIShop.app; sourceTree = BUILT_PRODUCTS_DIR; };
		30000000000000000000001A /* AIShopTests.xctest */ = {isa = PBXFileReference; explicitFileType = wrapper.cfbundle; includeInIndex = 0; path = AIShopTests.xctest; sourceTree = BUILT_PRODUCTS_DIR; };
		30000000000000000000001B /* URLRequest+BodyData.swift */ = {isa = PBXFileReference; lastKnownFileType = sourcecode.swift; path = "URLRequest+BodyData.swift"; sourceTree = "<group>"; };
		30000000000000000000001C /* AppConfigurationTests.swift */ = {isa = PBXFileReference; lastKnownFileType = sourcecode.swift; path = AppConfigurationTests.swift; sourceTree = "<group>"; };
		30000000000000000000001D /* AnalysisViewModelRaceTests.swift */ = {isa = PBXFileReference; lastKnownFileType = sourcecode.swift; path = AnalysisViewModelRaceTests.swift; sourceTree = "<group>"; };
		30000000000000000000001E /* CameraScreen+Lifecycle.swift */ = {isa = PBXFileReference; lastKnownFileType = sourcecode.swift; path = "CameraScreen+Lifecycle.swift"; sourceTree = "<group>"; };
		30000000000000000000001F /* AnalysisReport.swift */ = {isa = PBXFileReference; lastKnownFileType = sourcecode.swift; path = AnalysisReport.swift; sourceTree = "<group>"; };
		300000000000000000000020 /* AnalysisReportTests.swift */ = {isa = PBXFileReference; lastKnownFileType = sourcecode.swift; path = AnalysisReportTests.swift; sourceTree = "<group>"; };
		300000000000000000000021 /* ScanModeSelectionScreen.swift */ = {isa = PBXFileReference; lastKnownFileType = sourcecode.swift; path = ScanModeSelectionScreen.swift; sourceTree = "<group>"; };
		300000000000000000000022 /* ScanNavigationTests.swift */ = {isa = PBXFileReference; lastKnownFileType = sourcecode.swift; path = ScanNavigationTests.swift; sourceTree = "<group>"; };
		300000000000000000000023 /* Shared.xcconfig */ = {isa = PBXFileReference; lastKnownFileType = text.xcconfig; path = Shared.xcconfig; sourceTree = "<group>"; };
		300000000000000000000024 /* AnalysisReportScreen.swift */ = {isa = PBXFileReference; lastKnownFileType = sourcecode.swift; path = AnalysisReportScreen.swift; sourceTree = "<group>"; };
		300000000000000000000025 /* ReportComponents.swift */ = {isa = PBXFileReference; lastKnownFileType = sourcecode.swift; path = ReportComponents.swift; sourceTree = "<group>"; };
		300000000000000000000026 /* TargetProductReportScreen.swift */ = {isa = PBXFileReference; lastKnownFileType = sourcecode.swift; path = TargetProductReportScreen.swift; sourceTree = "<group>"; };
		300000000000000000000027 /* AreaScanReportScreen.swift */ = {isa = PBXFileReference; lastKnownFileType = sourcecode.swift; path = AreaScanReportScreen.swift; sourceTree = "<group>"; };
		300000000000000000000028 /* DebugReportPreview.swift */ = {isa = PBXFileReference; lastKnownFileType = sourcecode.swift; path = DebugReportPreview.swift; sourceTree = "<group>"; };
		300000000000000000000029 /* InspectionSubmissionRequest.swift */ = {isa = PBXFileReference; lastKnownFileType = sourcecode.swift; path = InspectionSubmissionRequest.swift; sourceTree = "<group>"; };
		30000000000000000000002A /* InspectionAPIClient.swift */ = {isa = PBXFileReference; lastKnownFileType = sourcecode.swift; path = InspectionAPIClient.swift; sourceTree = "<group>"; };
		30000000000000000000002B /* InspectionAPIClientTests.swift */ = {isa = PBXFileReference; lastKnownFileType = sourcecode.swift; path = InspectionAPIClientTests.swift; sourceTree = "<group>"; };
/* End PBXFileReference section */

/* Begin PBXFrameworksBuildPhase section */
		500000000000000000000001 /* Frameworks */ = {isa = PBXFrameworksBuildPhase; buildActionMask = 2147483647; files = (); runOnlyForDeploymentPostprocessing = 0; };
		500000000000000000000004 /* Frameworks */ = {isa = PBXFrameworksBuildPhase; buildActionMask = 2147483647; files = (); runOnlyForDeploymentPostprocessing = 0; };
/* End PBXFrameworksBuildPhase section */

/* Begin PBXGroup section */
		100000000000000000000001 = {
			isa = PBXGroup;
			children = (
				100000000000000000000003 /* AIShop */,
				100000000000000000000009 /* AIShopTests */,
				100000000000000000000002 /* Products */,
			);
			sourceTree = "<group>";
		};
		100000000000000000000002 /* Products */ = {
			isa = PBXGroup;
			children = (300000000000000000000019 /* AIShop.app */, 30000000000000000000001A /* AIShopTests.xctest */);
			name = Products;
			sourceTree = "<group>";
		};
		100000000000000000000003 /* AIShop */ = {
			isa = PBXGroup;
			children = (
				100000000000000000000004 /* App */,
				100000000000000000000005 /* Analysis */,
				100000000000000000000006 /* Camera */,
				100000000000000000000007 /* UI */,
				100000000000000000000008 /* Support */,
			);
			path = AIShop;
			sourceTree = "<group>";
		};
		100000000000000000000004 /* App */ = {isa = PBXGroup; children = (300000000000000000000001, 300000000000000000000002); path = App; sourceTree = "<group>"; };
		100000000000000000000005 /* Analysis */ = {isa = PBXGroup; children = (300000000000000000000003, 300000000000000000000004, 300000000000000000000005, 300000000000000000000029, 30000000000000000000002A, 300000000000000000000006, 300000000000000000000007, 30000000000000000000001F); path = Analysis; sourceTree = "<group>"; };
		100000000000000000000006 /* Camera */ = {isa = PBXGroup; children = (300000000000000000000008, 300000000000000000000009, 30000000000000000000000A, 30000000000000000000000B, 30000000000000000000000C, 30000000000000000000000D, 30000000000000000000000E); path = Camera; sourceTree = "<group>"; };
		100000000000000000000007 /* UI */ = {isa = PBXGroup; children = (30000000000000000000000F, 300000000000000000000021, 300000000000000000000010, 30000000000000000000001E, 300000000000000000000011, 300000000000000000000012, 300000000000000000000013, 300000000000000000000014, 300000000000000000000024, 300000000000000000000025, 300000000000000000000026, 300000000000000000000027, 300000000000000000000028); path = UI; sourceTree = "<group>"; };
		100000000000000000000008 /* Support */ = {isa = PBXGroup; children = (300000000000000000000015, 300000000000000000000023); path = Support; sourceTree = "<group>"; };
		100000000000000000000009 /* AIShopTests */ = {isa = PBXGroup; children = (300000000000000000000016, 300000000000000000000017, 300000000000000000000018, 30000000000000000000001B, 30000000000000000000001C, 30000000000000000000001D, 300000000000000000000020, 300000000000000000000022, 30000000000000000000002B); path = AIShopTests; sourceTree = "<group>"; };
/* End PBXGroup section */

/* Begin PBXNativeTarget section */
		200000000000000000000001 /* AIShop */ = {
			isa = PBXNativeTarget;
			buildConfigurationList = 800000000000000000000002 /* Build configuration list for PBXNativeTarget "AIShop" */;
			buildPhases = (500000000000000000000001, 500000000000000000000002, 500000000000000000000003);
			buildRules = ();
			dependencies = ();
			name = AIShop;
			productName = AIShop;
			productReference = 300000000000000000000019 /* AIShop.app */;
			productType = "com.apple.product-type.application";
		};
		200000000000000000000002 /* AIShopTests */ = {
			isa = PBXNativeTarget;
			buildConfigurationList = 800000000000000000000003 /* Build configuration list for PBXNativeTarget "AIShopTests" */;
			buildPhases = (500000000000000000000004, 500000000000000000000005, 500000000000000000000006);
			buildRules = ();
			dependencies = (700000000000000000000002 /* PBXTargetDependency */);
			name = AIShopTests;
			productName = AIShopTests;
			productReference = 30000000000000000000001A /* AIShopTests.xctest */;
			productType = "com.apple.product-type.bundle.unit-test";
		};
/* End PBXNativeTarget section */

/* Begin PBXProject section */
		000000000000000000000001 /* Project object */ = {
			isa = PBXProject;
			attributes = {BuildIndependentTargetsInParallel = 1; LastSwiftUpdateCheck = 2700; LastUpgradeCheck = 2700; TargetAttributes = {200000000000000000000001 = {CreatedOnToolsVersion = 27.0; }; 200000000000000000000002 = {CreatedOnToolsVersion = 27.0; TestTargetID = 200000000000000000000001; }; }; };
			buildConfigurationList = 800000000000000000000001 /* Build configuration list for PBXProject "AIShop" */;
			compatibilityVersion = "Xcode 14.0";
			developmentRegion = en;
			hasScannedForEncodings = 0;
			knownRegions = (en, Base);
			mainGroup = 100000000000000000000001;
			productRefGroup = 100000000000000000000002 /* Products */;
			projectDirPath = "";
			projectRoot = "";
			targets = (200000000000000000000001 /* AIShop */, 200000000000000000000002 /* AIShopTests */);
		};
/* End PBXProject section */

/* Begin PBXResourcesBuildPhase section */
		500000000000000000000003 /* Resources */ = {isa = PBXResourcesBuildPhase; buildActionMask = 2147483647; files = (); runOnlyForDeploymentPostprocessing = 0; };
		500000000000000000000006 /* Resources */ = {isa = PBXResourcesBuildPhase; buildActionMask = 2147483647; files = (); runOnlyForDeploymentPostprocessing = 0; };
/* End PBXResourcesBuildPhase section */

/* Begin PBXSourcesBuildPhase section */
		500000000000000000000002 /* Sources */ = {
			isa = PBXSourcesBuildPhase;
			buildActionMask = 2147483647;
			files = (
				400000000000000000000001, 400000000000000000000002, 400000000000000000000003, 400000000000000000000004,
				400000000000000000000005, 400000000000000000000006, 400000000000000000000007, 400000000000000000000008,
				400000000000000000000009, 40000000000000000000000A, 40000000000000000000000B, 40000000000000000000000C,
				40000000000000000000000D, 40000000000000000000000E, 40000000000000000000000F, 400000000000000000000010,
				400000000000000000000011, 400000000000000000000012, 400000000000000000000013, 400000000000000000000014, 40000000000000000000001B, 40000000000000000000001C, 40000000000000000000001E,
				400000000000000000000020, 400000000000000000000021, 400000000000000000000022, 400000000000000000000023,
				400000000000000000000024, 400000000000000000000025, 400000000000000000000026,
			);
			runOnlyForDeploymentPostprocessing = 0;
		};
		500000000000000000000005 /* Sources */ = {isa = PBXSourcesBuildPhase; buildActionMask = 2147483647; files = (400000000000000000000015, 400000000000000000000016, 400000000000000000000017, 400000000000000000000018, 400000000000000000000019, 40000000000000000000001A, 40000000000000000000001D, 40000000000000000000001F, 400000000000000000000027); runOnlyForDeploymentPostprocessing = 0; };
/* End PBXSourcesBuildPhase section */

/* Begin PBXTargetDependency section */
		700000000000000000000002 /* PBXTargetDependency */ = {isa = PBXTargetDependency; target = 200000000000000000000001 /* AIShop */; targetProxy = 700000000000000000000001 /* PBXContainerItemProxy */; };
/* End PBXTargetDependency section */

/* Begin XCBuildConfiguration section */
		600000000000000000000001 /* Debug */ = {isa = XCBuildConfiguration; buildSettings = {ALWAYS_SEARCH_USER_PATHS = NO; CLANG_ENABLE_MODULES = YES; COPY_PHASE_STRIP = NO; DEBUG_INFORMATION_FORMAT = dwarf; ENABLE_TESTABILITY = YES; GCC_C_LANGUAGE_STANDARD = gnu17; IPHONEOS_DEPLOYMENT_TARGET = 17.0; ONLY_ACTIVE_ARCH = YES; SDKROOT = iphoneos; SWIFT_ACTIVE_COMPILATION_CONDITIONS = "DEBUG $(inherited)"; SWIFT_OPTIMIZATION_LEVEL = "-Onone"; }; name = Debug; };
		600000000000000000000002 /* Release */ = {isa = XCBuildConfiguration; buildSettings = {ALWAYS_SEARCH_USER_PATHS = NO; CLANG_ENABLE_MODULES = YES; COPY_PHASE_STRIP = NO; DEBUG_INFORMATION_FORMAT = "dwarf-with-dsym"; ENABLE_NS_ASSERTIONS = NO; GCC_C_LANGUAGE_STANDARD = gnu17; IPHONEOS_DEPLOYMENT_TARGET = 17.0; SDKROOT = iphoneos; SWIFT_COMPILATION_MODE = wholemodule; SWIFT_OPTIMIZATION_LEVEL = "-O"; VALIDATE_PRODUCT = YES; }; name = Release; };
		600000000000000000000003 /* Debug */ = {isa = XCBuildConfiguration; baseConfigurationReference = 300000000000000000000023 /* Shared.xcconfig */; buildSettings = {AI_SHOP_SERVER_BASE_URL = "https://northamerica-northeast2-aishop-99d36.cloudfunctions.net/api"; CODE_SIGN_STYLE = Automatic; CURRENT_PROJECT_VERSION = 3; DEVELOPMENT_TEAM = 9KVCAKT6RH; GENERATE_INFOPLIST_FILE = NO; INFOPLIST_FILE = AIShop/Support/Info.plist; MARKETING_VERSION = 1.2; PRODUCT_BUNDLE_IDENTIFIER = ai.elustondo.AIShop; PRODUCT_NAME = "$(TARGET_NAME)"; SUPPORTED_PLATFORMS = "iphoneos iphonesimulator"; SUPPORTS_MACCATALYST = NO; SWIFT_EMIT_LOC_STRINGS = YES; SWIFT_VERSION = 5.0; TARGETED_DEVICE_FAMILY = 1; }; name = Debug; };
		600000000000000000000004 /* Release */ = {isa = XCBuildConfiguration; baseConfigurationReference = 300000000000000000000023 /* Shared.xcconfig */; buildSettings = {AI_SHOP_SERVER_BASE_URL = "https://northamerica-northeast2-aishop-99d36.cloudfunctions.net/api"; CODE_SIGN_STYLE = Automatic; CURRENT_PROJECT_VERSION = 3; DEVELOPMENT_TEAM = 9KVCAKT6RH; GENERATE_INFOPLIST_FILE = NO; INFOPLIST_FILE = AIShop/Support/Info.plist; MARKETING_VERSION = 1.2; PRODUCT_BUNDLE_IDENTIFIER = ai.elustondo.AIShop; PRODUCT_NAME = "$(TARGET_NAME)"; SUPPORTED_PLATFORMS = "iphoneos iphonesimulator"; SUPPORTS_MACCATALYST = NO; SWIFT_EMIT_LOC_STRINGS = YES; SWIFT_VERSION = 5.0; TARGETED_DEVICE_FAMILY = 1; }; name = Release; };
		600000000000000000000005 /* Debug */ = {isa = XCBuildConfiguration; buildSettings = {BUNDLE_LOADER = "$(TEST_HOST)"; CODE_SIGN_STYLE = Automatic; GENERATE_INFOPLIST_FILE = YES; IPHONEOS_DEPLOYMENT_TARGET = 17.0; PRODUCT_BUNDLE_IDENTIFIER = ai.elustondo.AIShopTests; PRODUCT_NAME = "$(TARGET_NAME)"; SWIFT_VERSION = 5.0; TARGETED_DEVICE_FAMILY = 1; TEST_HOST = "$(BUILT_PRODUCTS_DIR)/AIShop.app/$(BUNDLE_EXECUTABLE_FOLDER_PATH)/AIShop"; }; name = Debug; };
		600000000000000000000006 /* Release */ = {isa = XCBuildConfiguration; buildSettings = {BUNDLE_LOADER = "$(TEST_HOST)"; CODE_SIGN_STYLE = Automatic; GENERATE_INFOPLIST_FILE = YES; IPHONEOS_DEPLOYMENT_TARGET = 17.0; PRODUCT_BUNDLE_IDENTIFIER = ai.elustondo.AIShopTests; PRODUCT_NAME = "$(TARGET_NAME)"; SWIFT_VERSION = 5.0; TARGETED_DEVICE_FAMILY = 1; TEST_HOST = "$(BUILT_PRODUCTS_DIR)/AIShop.app/$(BUNDLE_EXECUTABLE_FOLDER_PATH)/AIShop"; }; name = Release; };
/* End XCBuildConfiguration section */

/* Begin XCConfigurationList section */
		800000000000000000000001 /* Build configuration list for PBXProject "AIShop" */ = {isa = XCConfigurationList; buildConfigurations = (600000000000000000000001, 600000000000000000000002); defaultConfigurationIsVisible = 0; defaultConfigurationName = Release; };
		800000000000000000000002 /* Build configuration list for PBXNativeTarget "AIShop" */ = {isa = XCConfigurationList; buildConfigurations = (600000000000000000000003, 600000000000000000000004); defaultConfigurationIsVisible = 0; defaultConfigurationName = Release; };
		800000000000000000000003 /* Build configuration list for PBXNativeTarget "AIShopTests" */ = {isa = XCConfigurationList; buildConfigurations = (600000000000000000000005, 600000000000000000000006); defaultConfigurationIsVisible = 0; defaultConfigurationName = Release; };
/* End XCConfigurationList section */
	};
	rootObject = 000000000000000000000001 /* Project object */;
}
